// !$*UTF8*$!
{
	archiveVersion = 1;
	classes = {
	};
	objectVersion = 56;
	objects = {

/* Begin PBXBuildFile section */
		BB2CD1C429C60F36002444F0 /* AppDelegate.swift in Sources */ = {isa = PBXBuildFile; fileRef = BB2CD1C329C60F36002444F0 /* AppDelegate.swift */; };
		BB2CD1C629C60F36002444F0 /* SceneDelegate.swift in Sources */ = {isa = PBXBuildFile; fileRef = BB2CD1C529C60F36002444F0 /* SceneDelegate.swift */; };
		BB2CD1C829C60F36002444F0 /* AnimationViewController.swift in Sources */ = {isa = PBXBuildFile; fileRef = BB2CD1C729C60F36002444F0 /* AnimationViewController.swift */; };
		BB2CD1CB29C60F36002444F0 /* Main.storyboard in Resources */ = {isa = PBXBuildFile; fileRef = BB2CD1C929C60F36002444F0 /* Main.storyboard */; };
		BB2CD1CD29C60F38002444F0 /* Assets.xcassets in Resources */ = {isa = PBXBuildFile; fileRef = BB2CD1CC29C60F38002444F0 /* Assets.xcassets */; };
		BB2CD1D029C60F38002444F0 /* LaunchScreen.storyboard in Resources */ = {isa = PBXBuildFile; fileRef = BB2CD1CE29C60F38002444F0 /* LaunchScreen.storyboard */; };
		BB2CD1D929C60FDD002444F0 /* SpringAnimation in Frameworks */ = {isa = PBXBuildFile; productRef = BB2CD1D829C60FDD002444F0 /* SpringAnimation */; };
		BB2CD1DE29C615D7002444F0 /* Animation.swift in Sources */ = {isa = PBXBuildFile; fileRef = BB2CD1DD29C615D7002444F0 /* Animation.swift */; };
/* End PBXBuildFile section */

/* Begin PBXFileReference section */
		BB2CD1C029C60F36002444F0 /* AnimationHW.app */ = {isa = PBXFileReference; explicitFileType = wrapper.application; includeInIndex = 0; path = AnimationHW.app; sourceTree = BUILT_PRODUCTS_DIR; };
		BB2CD1C329C60F36002444F0 /* AppDelegate.swift */ = {isa = PBXFileReference; lastKnownFileType = sourcecode.swift; path = AppDelegate.swift; sourceTree = "<group>"; };
		BB2CD1C529C60F36002444F0 /* SceneDelegate.swift */ = {isa = PBXFileReference; lastKnownFileType = sourcecode.swift; path = SceneDelegate.swift; sourceTree = "<group>"; };
		BB2CD1C729C60F36002444F0 /* AnimationViewController.swift */ = {isa = PBXFileReference; lastKnownFileType = sourcecode.swift; path = AnimationViewController.swift; sourceTree = "<group>"; };
		BB2CD1CA29C60F36002444F0 /* Base */ = {isa = PBXFileReference; lastKnownFileType = file.storyboard; name = Base; path = Base.lproj/Main.storyboard; sourceTree = "<group>"; };
		BB2CD1CC29C60F38002444F0 /* Assets.xcassets */ = {isa = PBXFileReference; lastKnownFileType = folder.assetcatalog; path = Assets.xcassets; sourceTree = "<group>"; };
		BB2CD1CF29C60F38002444F0 /* Base */ = {isa = PBXFileReference; lastKnownFileType = file.storyboard; name = Base; path = Base.lproj/LaunchScreen.storyboard; sourceTree = "<group>"; };
		BB2CD1D129C60F38002444F0 /* Info.plist */ = {isa = PBXFileReference; lastKnownFileType = text.plist.xml; path = Info.plist; sourceTree = "<group>"; };
		BB2CD1DD29C615D7002444F0 /* Animation.swift */ = {isa = PBXFileReference; lastKnownFileType = sourcecode.swift; path = Animation.swift; sourceTree = "<group>"; };
/* End PBXFileReference section */

/* Begin PBXFrameworksBuildPhase section */
		BB2CD1BD29C60F36002444F0 /* Frameworks */ = {
			isa = PBXFrameworksBuildPhase;
			buildActionMask = 2147483647;
			files = (
				BB2CD1D929C60FDD002444F0 /* SpringAnimation in Frameworks */,
			);
			runOnlyForDeploymentPostprocessing = 0;
		};
/* End PBXFrameworksBuildPhase section */

/* Begin PBXGroup section */
		BB2CD1B729C60F36002444F0 = {
			isa = PBXGroup;
			children = (
				BB2CD1C229C60F36002444F0 /* AnimationHW */,
				BB2CD1C129C60F36002444F0 /* Products */,
			);
			sourceTree = "<group>";
		};
		BB2CD1C129C60F36002444F0 /* Products */ = {
			isa = PBXGroup;
			children = (
				BB2CD1C029C60F36002444F0 /* AnimationHW.app */,
			);
			name = Products;
			sourceTree = "<group>";
		};
		BB2CD1C229C60F36002444F0 /* AnimationHW */ = {
			isa = PBXGroup;
			children = (
				BB2CD1DF29C63F27002444F0 /* App */,
				BB2CD1E229C63F91002444F0 /* ViewControllers */,
				BB2CD1E029C63F67002444F0 /* Storyboards */,
				BB2CD1CC29C60F38002444F0 /* Assets.xcassets */,
				BB2CD1E129C63F81002444F0 /* Models */,
			);
			path = AnimationHW;
			sourceTree = "<group>";
		};
		BB2CD1DF29C63F27002444F0 /* App */ = {
			isa = PBXGroup;
			children = (
				BB2CD1D129C60F38002444F0 /* Info.plist */,
				BB2CD1C529C60F36002444F0 /* SceneDelegate.swift */,
				BB2CD1C329C60F36002444F0 /* AppDelegate.swift */,
			);
			path = App;
			sourceTree = "<group>";
		};
		BB2CD1E029C63F67002444F0 /* Storyboards */ = {
			isa = PBXGroup;
			children = (
				BB2CD1CE29C60F38002444F0 /* LaunchScreen.storyboard */,
				BB2CD1C929C60F36002444F0 /* Main.storyboard */,
			);
			path = Storyboards;
			sourceTree = "<group>";
		};
		BB2CD1E129C63F81002444F0 /* Models */ = {
			isa = PBXGroup;
			children = (
				BB2CD1DD29C615D7002444F0 /* Animation.swift */,
			);
			path = Models;
			sourceTree = "<group>";
		};
		BB2CD1E229C63F91002444F0 /* ViewControllers */ = {
			isa = PBXGroup;
			children = (
				BB2CD1C729C60F36002444F0 /* AnimationViewController.swift */,
			);
			path = ViewControllers;
			sourceTree = "<group>";
		};
/* End PBXGroup section */

/* Begin PBXNativeTarget section */
		BB2CD1BF29C60F36002444F0 /* AnimationHW */ = {
			isa = PBXNativeTarget;
			buildConfigurationList = BB2CD1D429C60F38002444F0 /* Build configuration list for PBXNativeTarget "AnimationHW" */;
			buildPhases = (
				BB2CD1BC29C60F36002444F0 /* Sources */,
				BB2CD1BD29C60F36002444F0 /* Frameworks */,
				BB2CD1BE29C60F36002444F0 /* Resources */,
			);
			buildRules = (
			);
			dependencies = (
			);
			name = AnimationHW;
			packageProductDependencies = (
				BB2CD1D829C60FDD002444F0 /* SpringAnimation */,
			);
			productName = AnimationHW;
			productReference = BB2CD1C029C60F36002444F0 /* AnimationHW.app */;
			productType = "com.apple.product-type.application";
		};
/* End PBXNativeTarget section */

/* Begin PBXProject section */
		BB2CD1B829C60F36002444F0 /* Project object */ = {
			isa = PBXProject;
			attributes = {
				BuildIndependentTargetsInParallel = 1;
				LastSwiftUpdateCheck = 1420;
				LastUpgradeCheck = 1420;
				TargetAttributes = {
					BB2CD1BF29C60F36002444F0 = {
						CreatedOnToolsVersion = 14.2;
					};
				};
			};
			buildConfigurationList = BB2CD1BB29C60F36002444F0 /* Build configuration list for PBXProject "AnimationHW" */;
			compatibilityVersion = "Xcode 14.0";
			developmentRegion = en;
			hasScannedForEncodings = 0;
			knownRegions = (
				en,
				Base,
			);
			mainGroup = BB2CD1B729C60F36002444F0;
			packageReferences = (
				BB2CD1D729C60FDD002444F0 /* XCRemoteSwiftPackageReference "SpringAnimation" */,
			);
			productRefGroup = BB2CD1C129C60F36002444F0 /* Products */;
			projectDirPath = "";
			projectRoot = "";
			targets = (
				BB2CD1BF29C60F36002444F0 /* AnimationHW */,
			);
		};
/* End PBXProject section */

/* Begin PBXResourcesBuildPhase section */
		BB2CD1BE29C60F36002444F0 /* Resources */ = {
			isa = PBXResourcesBuildPhase;
			buildActionMask = 2147483647;
			files = (
				BB2CD1D029C60F38002444F0 /* LaunchScreen.storyboard in Resources */,
				BB2CD1CD29C60F38002444F0 /* Assets.xcassets in Resources */,
				BB2CD1CB29C60F36002444F0 /* Main.storyboard in Resources */,
			);
			runOnlyForDeploymentPostprocessing = 0;
		};
/* End PBXResourcesBuildPhase section */

/* Begin PBXSourcesBuildPhase section */
		BB2CD1BC29C60F36002444F0 /* Sources */ = {
			isa = PBXSourcesBuildPhase;
			buildActionMask = 2147483647;
			files = (
				BB2CD1C829C60F36002444F0 /* AnimationViewController.swift in Sources */,
				BB2CD1C429C60F36002444F0 /* AppDelegate.swift in Sources */,
				BB2CD1DE29C615D7002444F0 /* Animation.swift in Sources */,
				BB2CD1C629C60F36002444F0 /* SceneDelegate.swift in Sources */,
			);
			runOnlyForDeploymentPostprocessing = 0;
		};
/* End PBXSourcesBuildPhase section */

/* Begin PBXVariantGroup section */
		BB2CD1C929C60F36002444F0 /* Main.storyboard */ = {
			isa = PBXVariantGroup;
			children = (
				BB2CD1CA29C60F36002444F0 /* Base */,
			);
			name = Main.storyboard;
			sourceTree = "<group>";
		};
		BB2CD1CE29C60F38002444F0 /* LaunchScreen.storyboard */ = {
			isa = PBXVariantGroup;
			children = (
				BB2CD1CF29C60F38002444F0 /* Base */,
			);
			name = LaunchScreen.storyboard;
			sourceTree = "<group>";
		};
/* End PBXVariantGroup section */

/* Begin XCBuildConfiguration section */
		BB2CD1D229C60F38002444F0 /* Debug */ = {
			isa = XCBuildConfiguration;
			buildSettings = {
				ALWAYS_SEARCH_USER_PATHS = NO;
				CLANG_ANALYZER_NONNULL = YES;
				CLANG_ANALYZER_NUMBER_OBJECT_CONVERSION = YES_AGGRESSIVE;
				CLANG_CXX_LANGUAGE_STANDARD = "gnu++20";
				CLANG_ENABLE_MODULES = YES;
				CLANG_ENABLE_OBJC_ARC = YES;
				CLANG_ENABLE_OBJC_WEAK = YES;
				CLANG_WARN_BLOCK_CAPTURE_AUTORELEASING = YES;
				CLANG_WARN_BOOL_CONVERSION = YES;
				CLANG_WARN_COMMA = YES;
				CLANG_WARN_CONSTANT_CONVERSION = YES;
				CLANG_WARN_DEPRECATED_OBJC_IMPLEMENTATIONS = YES;
				CLANG_WARN_DIRECT_OBJC_ISA_USAGE = YES_ERROR;
				CLANG_WARN_DOCUMENTATION_COMMENTS = YES;
				CLANG_WARN_EMPTY_BODY = YES;
				CLANG_WARN_ENUM_CONVERSION = YES;
				CLANG_WARN_INFINITE_RECURSION = YES;
				CLANG_WARN_INT_CONVERSION = YES;
				CLANG_WARN_NON_LITERAL_NULL_CONVERSION = YES;
				CLANG_WARN_OBJC_IMPLICIT_RETAIN_SELF = YES;
				CLANG_WARN_OBJC_LITERAL_CONVERSION = YES;
				CLANG_WARN_OBJC_ROOT_CLASS = YES_ERROR;
				CLANG_WARN_QUOTED_INCLUDE_IN_FRAMEWORK_HEADER = YES;
				CLANG_WARN_RANGE_LOOP_ANALYSIS = YES;
				CLANG_WARN_STRICT_PROTOTYPES = YES;
				CLANG_WARN_SUSPICIOUS_MOVE = YES;
				CLANG_WARN_UNGUARDED_AVAILABILITY = YES_AGGRESSIVE;
				CLANG_WARN_UNREACHABLE_CODE = YES;
				CLANG_WARN__DUPLICATE_METHOD_MATCH = YES;
				COPY_PHASE_STRIP = NO;
				DEBUG_INFORMATION_FORMAT = dwarf;
				ENABLE_STRICT_OBJC_MSGSEND = YES;
				ENABLE_TESTABILITY = YES;
				GCC_C_LANGUAGE_STANDARD = gnu11;
				GCC_DYNAMIC_NO_PIC = NO;
				GCC_NO_COMMON_BLOCKS = YES;
				GCC_OPTIMIZATION_LEVEL = 0;
				GCC_PREPROCESSOR_DEFINITIONS = (
					"DEBUG=1",
					"$(inherited)",
				);
				GCC_WARN_64_TO_32_BIT_CONVERSION = YES;
				GCC_WARN_ABOUT_RETURN_TYPE = YES_ERROR;
				GCC_WARN_UNDECLARED_SELECTOR = YES;
				GCC_WARN_UNINITIALIZED_AUTOS = YES_AGGRESSIVE;
				GCC_WARN_UNUSED_FUNCTION = YES;
				GCC_WARN_UNUSED_VARIABLE = YES;
				IPHONEOS_DEPLOYMENT_TARGET = 16.2;
				MTL_ENABLE_DEBUG_INFO = INCLUDE_SOURCE;
				MTL_FAST_MATH = YES;
				ONLY_ACTIVE_ARCH = YES;
				SDKROOT = iphoneos;
				SWIFT_ACTIVE_COMPILATION_CONDITIONS = DEBUG;
				SWIFT_OPTIMIZATION_LEVEL = "-Onone";
			};
			name = Debug;
		};
		BB2CD1D329C60F38002444F0 /* Release */ = {
			isa = XCBuildConfiguration;
			buildSettings = {
				ALWAYS_SEARCH_USER_PATHS = NO;
				CLANG_ANALYZER_NONNULL = YES;
				CLANG_ANALYZER_NUMBER_OBJECT_CONVERSION = YES_AGGRESSIVE;
				CLANG_CXX_LANGUAGE_STANDARD = "gnu++20";
				CLANG_ENABLE_MODULES = YES;
				CLANG_ENABLE_OBJC_ARC = YES;
				CLANG_ENABLE_OBJC_WEAK = YES;
				CLANG_WARN_BLOCK_CAPTURE_AUTORELEASING = YES;
				CLANG_WARN_BOOL_CONVERSION = YES;
				CLANG_WARN_COMMA = YES;
				CLANG_WARN_CONSTANT_CONVERSION = YES;
				CLANG_WARN_DEPRECATED_OBJC_IMPLEMENTATIONS = YES;
				CLANG_WARN_DIRECT_OBJC_ISA_USAGE = YES_ERROR;
				CLANG_WARN_DOCUMENTATION_COMMENTS = YES;
				CLANG_WARN_EMPTY_BODY = YES;
				CLANG_WARN_ENUM_CONVERSION = YES;
				CLANG_WARN_INFINITE_RECURSION = YES;
				CLANG_WARN_INT_CONVERSION = YES;
				CLANG_WARN_NON_LITERAL_NULL_CONVERSION = YES;
				CLANG_WARN_OBJC_IMPLICIT_RETAIN_SELF = YES;
				CLANG_WARN_OBJC_LITERAL_CONVERSION = YES;
				CLANG_WARN_OBJC_ROOT_CLASS = YES_ERROR;
				CLANG_WARN_QUOTED_INCLUDE_IN_FRAMEWORK_HEADER = YES;
				CLANG_WARN_RANGE_LOOP_ANALYSIS = YES;
				CLANG_WARN_STRICT_PROTOTYPES = YES;
				CLANG_WARN_SUSPICIOUS_MOVE = YES;
				CLANG_WARN_UNGUARDED_AVAILABILITY = YES_AGGRESSIVE;
				CLANG_WARN_UNREACHABLE_CODE = YES;
				CLANG_WARN__DUPLICATE_METHOD_MATCH = YES;
				COPY_PHASE_STRIP = NO;
				DEBUG_INFORMATION_FORMAT = "dwarf-with-dsym";
				ENABLE_NS_ASSERTIONS = NO;
				ENABLE_STRICT_OBJC_MSGSEND = YES;
				GCC_C_LANGUAGE_STANDARD = gnu11;
				GCC_NO_COMMON_BLOCKS = YES;
				GCC_WARN_64_TO_32_BIT_CONVERSION = YES;
				GCC_WARN_ABOUT_RETURN_TYPE = YES_ERROR;
				GCC_WARN_UNDECLARED_SELECTOR = YES;
				GCC_WARN_UNINITIALIZED_AUTOS = YES_AGGRESSIVE;
				GCC_WARN_UNUSED_FUNCTION = YES;
				GCC_WARN_UNUSED_VARIABLE = YES;
				IPHONEOS_DEPLOYMENT_TARGET = 16.2;
				MTL_ENABLE_DEBUG_INFO = NO;
				MTL_FAST_MATH = YES;
				SDKROOT = iphoneos;
				SWIFT_COMPILATION_MODE = wholemodule;
				SWIFT_OPTIMIZATION_LEVEL = "-O";
				VALIDATE_PRODUCT = YES;
			};
			name = Release;
		};
		BB2CD1D529C60F38002444F0 /* Debug */ = {
			isa = XCBuildConfiguration;
			buildSettings = {
				ASSETCATALOG_COMPILER_APPICON_NAME = AppIcon;
				ASSETCATALOG_COMPILER_GLOBAL_ACCENT_COLOR_NAME = AccentColor;
				CODE_SIGN_STYLE = Automatic;
				CURRENT_PROJECT_VERSION = 1;
				DEVELOPMENT_TEAM = D97D9P4X79;
				GENERATE_INFOPLIST_FILE = YES;
				INFOPLIST_FILE = AnimationHW/Info.plist;
				INFOPLIST_KEY_UIApplicationSupportsIndirectInputEvents = YES;
				INFOPLIST_KEY_UILaunchStoryboardName = LaunchScreen;
				INFOPLIST_KEY_UIMainStoryboardFile = Main;
				INFOPLIST_KEY_UISupportedInterfaceOrientations = UIInterfaceOrientationPortrait;
				INFOPLIST_KEY_UISupportedInterfaceOrientations_iPad = "UIInterfaceOrientationLandscapeLeft UIInterfaceOrientationLandscapeRight UIInterfaceOrientationPortrait UIInterfaceOrientationPortraitUpsideDown";
				LD_RUNPATH_SEARCH_PATHS = (
					"$(inherited)",
					"@executable_path/Frameworks",
				);
				MARKETING_VERSION = 1.0;
				PRODUCT_BUNDLE_IDENTIFIER = GuninGL.AnimationHW;
				PRODUCT_NAME = "$(TARGET_NAME)";
				SUPPORTED_PLATFORMS = "iphoneos iphonesimulator";
				SUPPORTS_MACCATALYST = NO;
				SUPPORTS_MAC_DESIGNED_FOR_IPHONE_IPAD = NO;
				SWIFT_EMIT_LOC_STRINGS = YES;
				SWIFT_VERSION = 5.0;
				TARGETED_DEVICE_FAMILY = 1;
			};
			name = Debug;
		};
		BB2CD1D629C60F38002444F0 /* Release */ = {
			isa = XCBuildConfiguration;
			buildSettings = {
				ASSETCATALOG_COMPILER_APPICON_NAME = AppIcon;
				ASSETCATALOG_COMPILER_GLOBAL_ACCENT_COLOR_NAME = AccentColor;
				CODE_SIGN_STYLE = Automatic;
				CURRENT_PROJECT_VERSION = 1;
				DEVELOPMENT_TEAM = D97D9P4X79;
				GENERATE_INFOPLIST_FILE = YES;
				INFOPLIST_FILE = AnimationHW/Info.plist;
				INFOPLIST_KEY_UIApplicationSupportsIndirectInputEvents = YES;
				INFOPLIST_KEY_UILaunchStoryboardName = LaunchScreen;
				INFOPLIST_KEY_UIMainStoryboardFile = Main;
				INFOPLIST_KEY_UISupportedInterfaceOrientations = UIInterfaceOrientationPortrait;
				INFOPLIST_KEY_UISupportedInterfaceOrientations_iPad = "UIInterfaceOrientationLandscapeLeft UIInterfaceOrientationLandscapeRight UIInterfaceOrientationPortrait UIInterfaceOrientationPortraitUpsideDown";
				LD_RUNPATH_SEARCH_PATHS = (
					"$(inherited)",
					"@executable_path/Frameworks",
				);
				MARKETING_VERSION = 1.0;
				PRODUCT_BUNDLE_IDENTIFIER = GuninGL.AnimationHW;
				PRODUCT_NAME = "$(TARGET_NAME)";
				SUPPORTED_PLATFORMS = "iphoneos iphonesimulator";
				SUPPORTS_MACCATALYST = NO;
				SUPPORTS_MAC_DESIGNED_FOR_IPHONE_IPAD = NO;
				SWIFT_EMIT_LOC_STRINGS = YES;
				SWIFT_VERSION = 5.0;
				TARGETED_DEVICE_FAMILY = 1;
			};
			name = Release;
		};
/* End XCBuildConfiguration section */

/* Begin XCConfigurationList section */
		BB2CD1BB29C60F36002444F0 /* Build configuration list for PBXProject "AnimationHW" */ = {
			isa = XCConfigurationList;
			buildConfigurations = (
				BB2CD1D229C60F38002444F0 /* Debug */,
				BB2CD1D329C60F38002444F0 /* Release */,
			);
			defaultConfigurationIsVisible = 0;
			defaultConfigurationName = Release;
		};
		BB2CD1D429C60F38002444F0 /* Build configuration list for PBXNativeTarget "AnimationHW" */ = {
			isa = XCConfigurationList;
			buildConfigurations = (
				BB2CD1D529C60F38002444F0 /* Debug */,
				BB2CD1D629C60F38002444F0 /* Release */,
			);
			defaultConfigurationIsVisible = 0;
			defaultConfigurationName = Release;
		};
/* End XCConfigurationList section */

/* Begin XCRemoteSwiftPackageReference section */
		BB2CD1D729C60FDD002444F0 /* XCRemoteSwiftPackageReference "SpringAnimation" */ = {
			isa = XCRemoteSwiftPackageReference;
			repositoryURL = "https://github.com/LexDeBash/SpringAnimation.git";
			requirement = {
				kind = upToNextMajorVersion;
				minimumVersion = 0.3.0;
			};
		};
/* End XCRemoteSwiftPackageReference section */

/* Begin XCSwiftPackageProductDependency section */
		BB2CD1D829C60FDD002444F0 /* SpringAnimation */ = {
			isa = XCSwiftPackageProductDependency;
			package = BB2CD1D729C60FDD002444F0 /* XCRemoteSwiftPackageReference "SpringAnimation" */;
			productName = SpringAnimation;
		};
/* End XCSwiftPackageProductDependency section */
	};
	rootObject = BB2CD1B829C60F36002444F0 /* Project object */;
}
